
Microsoft Visual Studio Solution File, Format Version 12.00
Project("{FAE04EC0-301F-11D3-BF4B-00C04F79EFBC}") = "durablefunction.howtotest", "durablefunction.howtotest\durablefunction.howtotest.csproj", "{92772B81-E2D0-49AC-BF01-1C87EB0125F2}"
EndProject
Project("{FAE04EC0-301F-11D3-BF4B-00C04F79EFBC}") = "durablefunction.howtotest.tests", "durablefunction.howtotest.tests\durablefunction.howtotest.tests.csproj", "{28957C2A-504A-403F-9062-EAC69D4D2AAB}"
EndProject
Global
	GlobalSection(SolutionConfigurationPlatforms) = preSolution
		Debug|Any CPU = Debug|Any CPU
		Release|Any CPU = Release|Any CPU
	EndGlobalSection
	GlobalSection(ProjectConfigurationPlatforms) = postSolution
		{92772B81-E2D0-49AC-BF01-1C87EB0125F2}.Debug|Any CPU.ActiveCfg = Debug|Any CPU
		{92772B81-E2D0-49AC-BF01-1C87EB0125F2}.Debug|Any CPU.Build.0 = Debug|Any CPU
		{92772B81-E2D0-49AC-BF01-1C87EB0125F2}.Release|Any CPU.ActiveCfg = Release|Any CPU
		{92772B81-E2D0-49AC-BF01-1C87EB0125F2}.Release|Any CPU.Build.0 = Release|Any CPU
		{28957C2A-504A-403F-9062-EAC69D4D2AAB}.Debug|Any CPU.ActiveCfg = Debug|Any CPU
		{28957C2A-504A-403F-9062-EAC69D4D2AAB}.Debug|Any CPU.Build.0 = Debug|Any CPU
		{28957C2A-504A-403F-9062-EAC69D4D2AAB}.Release|Any CPU.ActiveCfg = Release|Any CPU
		{28957C2A-504A-403F-9062-EAC69D4D2AAB}.Release|Any CPU.Build.0 = Release|Any CPU
	EndGlobalSection
EndGlobal
